// !$*UTF8*$!
{
	archiveVersion = 1;
	classes = {
	};
	objectVersion = 46;
	objects = {

/* Begin PBXAggregateTarget section */
		5B7C616B1724FF0100E6FAD8 /* Dist */ = {
			isa = PBXAggregateTarget;
			buildConfigurationList = 5B7C616C1724FF0100E6FAD8 /* Build configuration list for PBXAggregateTarget "Dist" */;
			buildPhases = (
				5B7C616F1724FF0A00E6FAD8 /* Package & scp DMG */,
				5BCBD81C1727DBB700EFFE50 /* Install & open locally */,
			);
			dependencies = (
				5B65692517279E4E001EF646 /* PBXTargetDependency */,
			);
			name = Dist;
			productName = Dist;
		};
		5BD3006C1727C6780015866C /* Bump Version */ = {
			isa = PBXAggregateTarget;
			buildConfigurationList = 5BD3006D1727C6780015866C /* Build configuration list for PBXAggregateTarget "Bump Version" */;
			buildPhases = (
				5BD300721727C6910015866C /* Bump Version */,
			);
			dependencies = (
			);
			name = "Bump Version";
			productName = "Bump Version";
		};
/* End PBXAggregateTarget section */

/* Begin PBXBuildFile section */
		5B12391517324437004DC5ED /* PreferencesViewController.m in Sources */ = {isa = PBXBuildFile; fileRef = 5B12391317324437004DC5ED /* PreferencesViewController.m */; };
		5B12391617324437004DC5ED /* PreferencesViewController.xib in Resources */ = {isa = PBXBuildFile; fileRef = 5B12391417324437004DC5ED /* PreferencesViewController.xib */; };
		5B12391C17324540004DC5ED /* SRRemoveShortcut.tif in Resources */ = {isa = PBXBuildFile; fileRef = 5B12391817324540004DC5ED /* SRRemoveShortcut.tif */; };
		5B12391D17324540004DC5ED /* SRRemoveShortcutPressed.tif in Resources */ = {isa = PBXBuildFile; fileRef = 5B12391917324540004DC5ED /* SRRemoveShortcutPressed.tif */; };
		5B12391E17324540004DC5ED /* SRRemoveShortcutRollover.tif in Resources */ = {isa = PBXBuildFile; fileRef = 5B12391A17324540004DC5ED /* SRRemoveShortcutRollover.tif */; };
		5B12391F17324540004DC5ED /* SRSnapback.tiff in Resources */ = {isa = PBXBuildFile; fileRef = 5B12391B17324540004DC5ED /* SRSnapback.tiff */; };
		5B766C051733A57A00B671F4 /* StatusBlue.png in Resources */ = {isa = PBXBuildFile; fileRef = 5B766C031733A57A00B671F4 /* StatusBlue.png */; };
		5B766C061733A57A00B671F4 /* StatusBlue@2x.png in Resources */ = {isa = PBXBuildFile; fileRef = 5B766C041733A57A00B671F4 /* StatusBlue@2x.png */; };
		5B7C61611724E26E00E6FAD8 /* WebKit.framework in Frameworks */ = {isa = PBXBuildFile; fileRef = 5B7C61601724E26E00E6FAD8 /* WebKit.framework */; };
		5B7C61631724F03400E6FAD8 /* Carbon.framework in Frameworks */ = {isa = PBXBuildFile; fileRef = 5B7C61621724F03400E6FAD8 /* Carbon.framework */; };
		5B7C61661724F06500E6FAD8 /* DDHotKeyCenter.m in Sources */ = {isa = PBXBuildFile; fileRef = 5B7C61651724F06500E6FAD8 /* DDHotKeyCenter.m */; };
		5B7C616A1724FD0000E6FAD8 /* BirdDrop.iconset in Resources */ = {isa = PBXBuildFile; fileRef = 5B7C61691724FD0000E6FAD8 /* BirdDrop.iconset */; };
		5BC128B2172A545A007F7883 /* README.md in Resources */ = {isa = PBXBuildFile; fileRef = 5BC128B1172A545A007F7883 /* README.md */; };
		5BE2B9D017337A65003996F6 /* Foundation.framework in Frameworks */ = {isa = PBXBuildFile; fileRef = DD4F7C0D13C30F9F00825C6E /* Foundation.framework */; };
		DD4F7C0913C30F9F00825C6E /* Cocoa.framework in Frameworks */ = {isa = PBXBuildFile; fileRef = DD4F7C0813C30F9F00825C6E /* Cocoa.framework */; };
		DD4F7C1513C30F9F00825C6E /* main.m in Sources */ = {isa = PBXBuildFile; fileRef = DD4F7C1413C30F9F00825C6E /* main.m */; };
		DD4F7C1C13C30F9F00825C6E /* ApplicationDelegate.m in Sources */ = {isa = PBXBuildFile; fileRef = DD4F7C1B13C30F9F00825C6E /* ApplicationDelegate.m */; };
		DD4F7C1F13C30F9F00825C6E /* MainMenu.xib in Resources */ = {isa = PBXBuildFile; fileRef = DD4F7C1D13C30F9F00825C6E /* MainMenu.xib */; };
		DD4F7C3813C317A500825C6E /* MenubarController.m in Sources */ = {isa = PBXBuildFile; fileRef = DD4F7C3713C317A500825C6E /* MenubarController.m */; };
		DD4F7C3C13C3180800825C6E /* StatusItemView.m in Sources */ = {isa = PBXBuildFile; fileRef = DD4F7C3B13C3180800825C6E /* StatusItemView.m */; };
		DD4F7C3F13C318D600825C6E /* PanelController.m in Sources */ = {isa = PBXBuildFile; fileRef = DD4F7C3E13C318D600825C6E /* PanelController.m */; };
		DD4F7C4113C31B4A00825C6E /* Panel.xib in Resources */ = {isa = PBXBuildFile; fileRef = DD4F7C4013C31B4A00825C6E /* Panel.xib */; };
		DD4F7C4413C31BD200825C6E /* Panel.m in Sources */ = {isa = PBXBuildFile; fileRef = DD4F7C4313C31BD200825C6E /* Panel.m */; };
		DD4F7C4713C3208500825C6E /* BackgroundView.m in Sources */ = {isa = PBXBuildFile; fileRef = DD4F7C4613C3208500825C6E /* BackgroundView.m */; };
		DD4F7C4B13C322FA00825C6E /* Status.png in Resources */ = {isa = PBXBuildFile; fileRef = DD4F7C4913C322FA00825C6E /* Status.png */; };
		DD4F7C4C13C322FA00825C6E /* StatusHighlighted.png in Resources */ = {isa = PBXBuildFile; fileRef = DD4F7C4A13C322FA00825C6E /* StatusHighlighted.png */; };
		DDF4EFAC16C80A510044D141 /* Status@2x.png in Resources */ = {isa = PBXBuildFile; fileRef = DDF4EFAB16C80A510044D141 /* Status@2x.png */; };
		DDF4EFAE16C80AD30044D141 /* StatusHighlighted@2x.png in Resources */ = {isa = PBXBuildFile; fileRef = DDF4EFAD16C80AD30044D141 /* StatusHighlighted@2x.png */; };
/* End PBXBuildFile section */

/* Begin PBXContainerItemProxy section */
		5B65692417279E4E001EF646 /* PBXContainerItemProxy */ = {
			isa = PBXContainerItemProxy;
			containerPortal = DD4F7BFB13C30F9F00825C6E /* Project object */;
			proxyType = 1;
			remoteGlobalIDString = DD4F7C0313C30F9F00825C6E;
			remoteInfo = BirdDrop;
		};
		5BAFE0E9172C67B500B01426 /* PBXContainerItemProxy */ = {
			isa = PBXContainerItemProxy;
			containerPortal = DD4F7BFB13C30F9F00825C6E /* Project object */;
			proxyType = 1;
			remoteGlobalIDString = 5BD3006C1727C6780015866C;
			remoteInfo = "Bump Version";
		};
/* End PBXContainerItemProxy section */

/* Begin PBXFileReference section */
		5B12391217324437004DC5ED /* PreferencesViewController.h */ = {isa = PBXFileReference; fileEncoding = 4; lastKnownFileType = sourcecode.c.h; path = PreferencesViewController.h; sourceTree = "<group>"; };
		5B12391317324437004DC5ED /* PreferencesViewController.m */ = {isa = PBXFileReference; fileEncoding = 4; lastKnownFileType = sourcecode.c.objc; path = PreferencesViewController.m; sourceTree = "<group>"; };
		5B12391417324437004DC5ED /* PreferencesViewController.xib */ = {isa = PBXFileReference; fileEncoding = 4; lastKnownFileType = file.xib; path = PreferencesViewController.xib; sourceTree = "<group>"; };
		5B12391817324540004DC5ED /* SRRemoveShortcut.tif */ = {isa = PBXFileReference; lastKnownFileType = image.tiff; path = SRRemoveShortcut.tif; sourceTree = "<group>"; };
		5B12391917324540004DC5ED /* SRRemoveShortcutPressed.tif */ = {isa = PBXFileReference; lastKnownFileType = image.tiff; path = SRRemoveShortcutPressed.tif; sourceTree = "<group>"; };
		5B12391A17324540004DC5ED /* SRRemoveShortcutRollover.tif */ = {isa = PBXFileReference; lastKnownFileType = image.tiff; path = SRRemoveShortcutRollover.tif; sourceTree = "<group>"; };
		5B12391B17324540004DC5ED /* SRSnapback.tiff */ = {isa = PBXFileReference; lastKnownFileType = image.tiff; path = SRSnapback.tiff; sourceTree = "<group>"; };
		5B766C031733A57A00B671F4 /* StatusBlue.png */ = {isa = PBXFileReference; lastKnownFileType = image.png; name = StatusBlue.png; path = Popup/StatusBlue.png; sourceTree = "<group>"; };
		5B766C041733A57A00B671F4 /* StatusBlue@2x.png */ = {isa = PBXFileReference; lastKnownFileType = image.png; name = "StatusBlue@2x.png"; path = "Popup/StatusBlue@2x.png"; sourceTree = "<group>"; };
		5B7C61601724E26E00E6FAD8 /* WebKit.framework */ = {isa = PBXFileReference; lastKnownFileType = wrapper.framework; name = WebKit.framework; path = System/Library/Frameworks/WebKit.framework; sourceTree = SDKROOT; };
		5B7C61621724F03400E6FAD8 /* Carbon.framework */ = {isa = PBXFileReference; lastKnownFileType = wrapper.framework; name = Carbon.framework; path = System/Library/Frameworks/Carbon.framework; sourceTree = SDKROOT; };
		5B7C61641724F06400E6FAD8 /* DDHotKeyCenter.h */ = {isa = PBXFileReference; fileEncoding = 4; lastKnownFileType = sourcecode.c.h; path = DDHotKeyCenter.h; sourceTree = "<group>"; };
		5B7C61651724F06500E6FAD8 /* DDHotKeyCenter.m */ = {isa = PBXFileReference; fileEncoding = 4; lastKnownFileType = sourcecode.c.objc; path = DDHotKeyCenter.m; sourceTree = "<group>"; };
		5B7C61691724FD0000E6FAD8 /* BirdDrop.iconset */ = {isa = PBXFileReference; lastKnownFileType = folder.iconset; name = BirdDrop.iconset; path = Popup/BirdDrop.iconset; sourceTree = "<group>"; };
		5BC128B1172A545A007F7883 /* README.md */ = {isa = PBXFileReference; fileEncoding = 4; lastKnownFileType = text; path = README.md; sourceTree = "<group>"; };
		DD4F7C0413C30F9F00825C6E /* BirdDrop.app */ = {isa = PBXFileReference; explicitFileType = wrapper.application; includeInIndex = 0; path = BirdDrop.app; sourceTree = BUILT_PRODUCTS_DIR; };
		DD4F7C0813C30F9F00825C6E /* Cocoa.framework */ = {isa = PBXFileReference; lastKnownFileType = wrapper.framework; name = Cocoa.framework; path = System/Library/Frameworks/Cocoa.framework; sourceTree = SDKROOT; };
		DD4F7C0B13C30F9F00825C6E /* AppKit.framework */ = {isa = PBXFileReference; lastKnownFileType = wrapper.framework; name = AppKit.framework; path = System/Library/Frameworks/AppKit.framework; sourceTree = SDKROOT; };
		DD4F7C0C13C30F9F00825C6E /* CoreData.framework */ = {isa = PBXFileReference; lastKnownFileType = wrapper.framework; name = CoreData.framework; path = System/Library/Frameworks/CoreData.framework; sourceTree = SDKROOT; };
		DD4F7C0D13C30F9F00825C6E /* Foundation.framework */ = {isa = PBXFileReference; lastKnownFileType = wrapper.framework; name = Foundation.framework; path = System/Library/Frameworks/Foundation.framework; sourceTree = SDKROOT; };
		DD4F7C1013C30F9F00825C6E /* BirdDrop-Info.plist */ = {isa = PBXFileReference; lastKnownFileType = text.plist.xml; name = "BirdDrop-Info.plist"; path = "Popup/BirdDrop-Info.plist"; sourceTree = "<group>"; };
		DD4F7C1413C30F9F00825C6E /* main.m */ = {isa = PBXFileReference; lastKnownFileType = sourcecode.c.objc; path = main.m; sourceTree = "<group>"; };
		DD4F7C1613C30F9F00825C6E /* BirdDrop-Prefix.pch */ = {isa = PBXFileReference; lastKnownFileType = sourcecode.c.h; path = "BirdDrop-Prefix.pch"; sourceTree = "<group>"; };
		DD4F7C1A13C30F9F00825C6E /* ApplicationDelegate.h */ = {isa = PBXFileReference; lastKnownFileType = sourcecode.c.h; path = ApplicationDelegate.h; sourceTree = "<group>"; };
		DD4F7C1B13C30F9F00825C6E /* ApplicationDelegate.m */ = {isa = PBXFileReference; lastKnownFileType = sourcecode.c.objc; path = ApplicationDelegate.m; sourceTree = "<group>"; };
		DD4F7C1E13C30F9F00825C6E /* en */ = {isa = PBXFileReference; lastKnownFileType = file.xib; name = en; path = en.lproj/MainMenu.xib; sourceTree = "<group>"; };
		DD4F7C3613C317A500825C6E /* MenubarController.h */ = {isa = PBXFileReference; fileEncoding = 4; lastKnownFileType = sourcecode.c.h; path = MenubarController.h; sourceTree = "<group>"; };
		DD4F7C3713C317A500825C6E /* MenubarController.m */ = {isa = PBXFileReference; fileEncoding = 4; lastKnownFileType = sourcecode.c.objc; path = MenubarController.m; sourceTree = "<group>"; };
		DD4F7C3A13C3180800825C6E /* StatusItemView.h */ = {isa = PBXFileReference; fileEncoding = 4; lastKnownFileType = sourcecode.c.h; path = StatusItemView.h; sourceTree = "<group>"; };
		DD4F7C3B13C3180800825C6E /* StatusItemView.m */ = {isa = PBXFileReference; fileEncoding = 4; lastKnownFileType = sourcecode.c.objc; path = StatusItemView.m; sourceTree = "<group>"; };
		DD4F7C3D13C318D600825C6E /* PanelController.h */ = {isa = PBXFileReference; fileEncoding = 4; lastKnownFileType = sourcecode.c.h; path = PanelController.h; sourceTree = "<group>"; };
		DD4F7C3E13C318D600825C6E /* PanelController.m */ = {isa = PBXFileReference; fileEncoding = 4; lastKnownFileType = sourcecode.c.objc; path = PanelController.m; sourceTree = "<group>"; };
		DD4F7C4013C31B4A00825C6E /* Panel.xib */ = {isa = PBXFileReference; fileEncoding = 4; lastKnownFileType = file.xib; name = Panel.xib; path = Popup/Panel.xib; sourceTree = "<group>"; };
		DD4F7C4213C31BD200825C6E /* Panel.h */ = {isa = PBXFileReference; fileEncoding = 4; lastKnownFileType = sourcecode.c.h; path = Panel.h; sourceTree = "<group>"; };
		DD4F7C4313C31BD200825C6E /* Panel.m */ = {isa = PBXFileReference; fileEncoding = 4; lastKnownFileType = sourcecode.c.objc; path = Panel.m; sourceTree = "<group>"; };
		DD4F7C4513C3208500825C6E /* BackgroundView.h */ = {isa = PBXFileReference; fileEncoding = 4; lastKnownFileType = sourcecode.c.h; path = BackgroundView.h; sourceTree = "<group>"; };
		DD4F7C4613C3208500825C6E /* BackgroundView.m */ = {isa = PBXFileReference; fileEncoding = 4; lastKnownFileType = sourcecode.c.objc; path = BackgroundView.m; sourceTree = "<group>"; };
		DD4F7C4913C322FA00825C6E /* Status.png */ = {isa = PBXFileReference; lastKnownFileType = image.png; name = Status.png; path = Popup/Status.png; sourceTree = "<group>"; };
		DD4F7C4A13C322FA00825C6E /* StatusHighlighted.png */ = {isa = PBXFileReference; lastKnownFileType = image.png; name = StatusHighlighted.png; path = Popup/StatusHighlighted.png; sourceTree = "<group>"; };
		DDF4EFAB16C80A510044D141 /* Status@2x.png */ = {isa = PBXFileReference; lastKnownFileType = image.png; name = "Status@2x.png"; path = "Popup/Status@2x.png"; sourceTree = "<group>"; };
		DDF4EFAD16C80AD30044D141 /* StatusHighlighted@2x.png */ = {isa = PBXFileReference; lastKnownFileType = image.png; name = "StatusHighlighted@2x.png"; path = "Popup/StatusHighlighted@2x.png"; sourceTree = "<group>"; };
/* End PBXFileReference section */

/* Begin PBXFrameworksBuildPhase section */
		DD4F7C0113C30F9F00825C6E /* Frameworks */ = {
			isa = PBXFrameworksBuildPhase;
			buildActionMask = 2147483647;
			files = (
				5BE2B9D017337A65003996F6 /* Foundation.framework in Frameworks */,
				5B7C61631724F03400E6FAD8 /* Carbon.framework in Frameworks */,
				5B7C61611724E26E00E6FAD8 /* WebKit.framework in Frameworks */,
				DD4F7C0913C30F9F00825C6E /* Cocoa.framework in Frameworks */,
			);
			runOnlyForDeploymentPostprocessing = 0;
		};
/* End PBXFrameworksBuildPhase section */

/* Begin PBXGroup section */
		5B12391717324540004DC5ED /* Images */ = {
			isa = PBXGroup;
			children = (
				5B12391817324540004DC5ED /* SRRemoveShortcut.tif */,
				5B12391917324540004DC5ED /* SRRemoveShortcutPressed.tif */,
				5B12391A17324540004DC5ED /* SRRemoveShortcutRollover.tif */,
				5B12391B17324540004DC5ED /* SRSnapback.tiff */,
			);
			path = Images;
			sourceTree = "<group>";
		};
		DD4F7BF913C30F9F00825C6E = {
			isa = PBXGroup;
			children = (
				5BC128B1172A545A007F7883 /* README.md */,
				5B7C61691724FD0000E6FAD8 /* BirdDrop.iconset */,
				5B7C61621724F03400E6FAD8 /* Carbon.framework */,
				5B7C61601724E26E00E6FAD8 /* WebKit.framework */,
				DD4F7C0E13C30F9F00825C6E /* Sources */,
				DD4F7C2813C3123E00825C6E /* User Interface */,
				DD4F7C0713C30F9F00825C6E /* Frameworks */,
				DD4F7C0513C30F9F00825C6E /* Products */,
				DD4F7C1013C30F9F00825C6E /* BirdDrop-Info.plist */,
			);
			sourceTree = "<group>";
		};
		DD4F7C0513C30F9F00825C6E /* Products */ = {
			isa = PBXGroup;
			children = (
				DD4F7C0413C30F9F00825C6E /* BirdDrop.app */,
			);
			name = Products;
			sourceTree = "<group>";
		};
		DD4F7C0713C30F9F00825C6E /* Frameworks */ = {
			isa = PBXGroup;
			children = (
				DD4F7C0B13C30F9F00825C6E /* AppKit.framework */,
				DD4F7C0C13C30F9F00825C6E /* CoreData.framework */,
				DD4F7C0D13C30F9F00825C6E /* Foundation.framework */,
				DD4F7C0813C30F9F00825C6E /* Cocoa.framework */,
			);
			name = Frameworks;
			sourceTree = "<group>";
		};
		DD4F7C0E13C30F9F00825C6E /* Sources */ = {
			isa = PBXGroup;
			children = (
				5B12391717324540004DC5ED /* Images */,
				5B7C61641724F06400E6FAD8 /* DDHotKeyCenter.h */,
				5B7C61651724F06500E6FAD8 /* DDHotKeyCenter.m */,
				DD4F7C2613C311DF00825C6E /* Controllers */,
				DD4F7C3913C317EC00825C6E /* Views */,
				DD4F7C0F13C30F9F00825C6E /* Supporting Files */,
			);
			name = Sources;
			path = Popup;
			sourceTree = "<group>";
		};
		DD4F7C0F13C30F9F00825C6E /* Supporting Files */ = {
			isa = PBXGroup;
			children = (
				DD4F7C1613C30F9F00825C6E /* BirdDrop-Prefix.pch */,
				DD4F7C1413C30F9F00825C6E /* main.m */,
			);
			name = "Supporting Files";
			sourceTree = "<group>";
		};
		DD4F7C2613C311DF00825C6E /* Controllers */ = {
			isa = PBXGroup;
			children = (
				DD4F7C1A13C30F9F00825C6E /* ApplicationDelegate.h */,
				DD4F7C1B13C30F9F00825C6E /* ApplicationDelegate.m */,
				DD4F7C3613C317A500825C6E /* MenubarController.h */,
				DD4F7C3713C317A500825C6E /* MenubarController.m */,
				DD4F7C3D13C318D600825C6E /* PanelController.h */,
				DD4F7C3E13C318D600825C6E /* PanelController.m */,
				5B12391217324437004DC5ED /* PreferencesViewController.h */,
				5B12391317324437004DC5ED /* PreferencesViewController.m */,
				5B12391417324437004DC5ED /* PreferencesViewController.xib */,
			);
			name = Controllers;
			sourceTree = "<group>";
		};
		DD4F7C2813C3123E00825C6E /* User Interface */ = {
			isa = PBXGroup;
			children = (
				DD4F7C4813C322D800825C6E /* Graphics */,
				DD4F7C2913C3124300825C6E /* XIBs */,
			);
			name = "User Interface";
			sourceTree = "<group>";
		};
		DD4F7C2913C3124300825C6E /* XIBs */ = {
			isa = PBXGroup;
			children = (
				DD4F7C1D13C30F9F00825C6E /* MainMenu.xib */,
				DD4F7C4013C31B4A00825C6E /* Panel.xib */,
			);
			name = XIBs;
			sourceTree = "<group>";
		};
		DD4F7C3913C317EC00825C6E /* Views */ = {
			isa = PBXGroup;
			children = (
				DD4F7C4213C31BD200825C6E /* Panel.h */,
				DD4F7C4313C31BD200825C6E /* Panel.m */,
				DD4F7C3A13C3180800825C6E /* StatusItemView.h */,
				DD4F7C3B13C3180800825C6E /* StatusItemView.m */,
				DD4F7C4513C3208500825C6E /* BackgroundView.h */,
				DD4F7C4613C3208500825C6E /* BackgroundView.m */,
			);
			name = Views;
			sourceTree = "<group>";
		};
		DD4F7C4813C322D800825C6E /* Graphics */ = {
			isa = PBXGroup;
			children = (
				DD4F7C4913C322FA00825C6E /* Status.png */,
				DDF4EFAB16C80A510044D141 /* Status@2x.png */,
				DD4F7C4A13C322FA00825C6E /* StatusHighlighted.png */,
				DDF4EFAD16C80AD30044D141 /* StatusHighlighted@2x.png */,
				5B766C031733A57A00B671F4 /* StatusBlue.png */,
				5B766C041733A57A00B671F4 /* StatusBlue@2x.png */,
			);
			name = Graphics;
			sourceTree = "<group>";
		};
/* End PBXGroup section */

/* Begin PBXNativeTarget section */
		DD4F7C0313C30F9F00825C6E /* BirdDrop */ = {
			isa = PBXNativeTarget;
			buildConfigurationList = DD4F7C2213C30F9F00825C6E /* Build configuration list for PBXNativeTarget "BirdDrop" */;
			buildPhases = (
				DD4F7C0013C30F9F00825C6E /* Sources */,
				DD4F7C0113C30F9F00825C6E /* Frameworks */,
				DD4F7C0213C30F9F00825C6E /* Resources */,
				5BC128B0172A423D007F7883 /* Kill Existing Procs */,
			);
			buildRules = (
			);
			dependencies = (
				5BAFE0EA172C67B500B01426 /* PBXTargetDependency */,
			);
			name = BirdDrop;
			productName = Popup;
			productReference = DD4F7C0413C30F9F00825C6E /* BirdDrop.app */;
			productType = "com.apple.product-type.application";
		};
/* End PBXNativeTarget section */

/* Begin PBXProject section */
		DD4F7BFB13C30F9F00825C6E /* Project object */ = {
			isa = PBXProject;
			attributes = {
				LastUpgradeCheck = 0460;
			};
			buildConfigurationList = DD4F7BFE13C30F9F00825C6E /* Build configuration list for PBXProject "BirdDrop" */;
			compatibilityVersion = "Xcode 3.2";
			developmentRegion = English;
			hasScannedForEncodings = 0;
			knownRegions = (
				en,
			);
			mainGroup = DD4F7BF913C30F9F00825C6E;
			productRefGroup = DD4F7C0513C30F9F00825C6E /* Products */;
			projectDirPath = "";
			projectRoot = "";
			targets = (
				DD4F7C0313C30F9F00825C6E /* BirdDrop */,
				5B7C616B1724FF0100E6FAD8 /* Dist */,
				5BD3006C1727C6780015866C /* Bump Version */,
			);
		};
/* End PBXProject section */

/* Begin PBXResourcesBuildPhase section */
		DD4F7C0213C30F9F00825C6E /* Resources */ = {
			isa = PBXResourcesBuildPhase;
			buildActionMask = 2147483647;
			files = (
				DD4F7C1F13C30F9F00825C6E /* MainMenu.xib in Resources */,
				DD4F7C4113C31B4A00825C6E /* Panel.xib in Resources */,
				DD4F7C4B13C322FA00825C6E /* Status.png in Resources */,
				DD4F7C4C13C322FA00825C6E /* StatusHighlighted.png in Resources */,
				DDF4EFAC16C80A510044D141 /* Status@2x.png in Resources */,
				DDF4EFAE16C80AD30044D141 /* StatusHighlighted@2x.png in Resources */,
				5B7C616A1724FD0000E6FAD8 /* BirdDrop.iconset in Resources */,
				5BC128B2172A545A007F7883 /* README.md in Resources */,
				5B12391617324437004DC5ED /* PreferencesViewController.xib in Resources */,
				5B12391C17324540004DC5ED /* SRRemoveShortcut.tif in Resources */,
				5B12391D17324540004DC5ED /* SRRemoveShortcutPressed.tif in Resources */,
				5B12391E17324540004DC5ED /* SRRemoveShortcutRollover.tif in Resources */,
				5B12391F17324540004DC5ED /* SRSnapback.tiff in Resources */,
				5B766C051733A57A00B671F4 /* StatusBlue.png in Resources */,
				5B766C061733A57A00B671F4 /* StatusBlue@2x.png in Resources */,
			);
			runOnlyForDeploymentPostprocessing = 0;
		};
/* End PBXResourcesBuildPhase section */

/* Begin PBXShellScriptBuildPhase section */
		5B7C616F1724FF0A00E6FAD8 /* Package & scp DMG */ = {
			isa = PBXShellScriptBuildPhase;
			buildActionMask = 2147483647;
			files = (
			);
			inputPaths = (
			);
			name = "Package & scp DMG";
			outputPaths = (
			);
			runOnlyForDeploymentPostprocessing = 0;
			shellPath = /bin/sh;
			shellScript = "DMG=$PROJECT_NAME.dmg\nrm -rf $DMG\n\n./pkg-dmg \\\n--verbosity 2 \\\n--volname $PROJECT_NAME \\\n--source $TARGET_BUILD_DIR/$PROJECT_NAME.app \\\n--sourcefile \\\n--target $DMG \\\n--copy .DS_Store:.DS_Store \\\n--mkdir .background \\\n--copy .background/background.png:.background/background.png \\\n--attribute V:.background \\\n--symlink /Applications:Applications\n\nscp $DMG root@marrynoname.xxx:/drop\necho \"SCP'ed DMG\"\n";
		};
		5BC128B0172A423D007F7883 /* Kill Existing Procs */ = {
			isa = PBXShellScriptBuildPhase;
			buildActionMask = 2147483647;
			files = (
			);
			inputPaths = (
			);
			name = "Kill Existing Procs";
			outputPaths = (
			);
			runOnlyForDeploymentPostprocessing = 0;
			shellPath = /bin/sh;
			shellScript = "ps aux|grep $PROJECT_NAME|grep -v grep|awk '{print $2}'|xargs kill\necho \"Killed existing procs\"\n";
		};
		5BCBD81C1727DBB700EFFE50 /* Install & open locally */ = {
			isa = PBXShellScriptBuildPhase;
			buildActionMask = 2147483647;
			files = (
			);
			inputPaths = (
			);
			name = "Install & open locally";
			outputPaths = (
			);
			runOnlyForDeploymentPostprocessing = 0;
			shellPath = /bin/sh;
			shellScript = "rm -rf /Applications/$PROJECT_NAME.app\ncp -r $TARGET_BUILD_DIR/$PROJECT_NAME.app /Applications\nopen /Applications/$PROJECT_NAME.app";
		};
		5BD300721727C6910015866C /* Bump Version */ = {
			isa = PBXShellScriptBuildPhase;
			buildActionMask = 2147483647;
			files = (
			);
			inputPaths = (
			);
			name = "Bump Version";
			outputPaths = (
			);
			runOnlyForDeploymentPostprocessing = 0;
			shellPath = /bin/sh;
			shellScript = "ver=$(($(cat version.txt) + 1))\necho $ver > version.txt\n\nsed s/\"VERSION.*\"/\"VERSION $ver\"/ Popup/BirdDrop-Prefix.pch > /tmp/a\nmv /tmp/a Popup/BirdDrop-Prefix.pch\n";
		};
/* End PBXShellScriptBuildPhase section */

/* Begin PBXSourcesBuildPhase section */
		DD4F7C0013C30F9F00825C6E /* Sources */ = {
			isa = PBXSourcesBuildPhase;
			buildActionMask = 2147483647;
			files = (
				DD4F7C1513C30F9F00825C6E /* main.m in Sources */,
				DD4F7C1C13C30F9F00825C6E /* ApplicationDelegate.m in Sources */,
				DD4F7C3813C317A500825C6E /* MenubarController.m in Sources */,
				DD4F7C3C13C3180800825C6E /* StatusItemView.m in Sources */,
				DD4F7C3F13C318D600825C6E /* PanelController.m in Sources */,
				DD4F7C4413C31BD200825C6E /* Panel.m in Sources */,
				DD4F7C4713C3208500825C6E /* BackgroundView.m in Sources */,
				5B7C61661724F06500E6FAD8 /* DDHotKeyCenter.m in Sources */,
				5B12391517324437004DC5ED /* PreferencesViewController.m in Sources */,
			);
			runOnlyForDeploymentPostprocessing = 0;
		};
/* End PBXSourcesBuildPhase section */

/* Begin PBXTargetDependency section */
		5B65692517279E4E001EF646 /* PBXTargetDependency */ = {
			isa = PBXTargetDependency;
			target = DD4F7C0313C30F9F00825C6E /* BirdDrop */;
			targetProxy = 5B65692417279E4E001EF646 /* PBXContainerItemProxy */;
		};
		5BAFE0EA172C67B500B01426 /* PBXTargetDependency */ = {
			isa = PBXTargetDependency;
			target = 5BD3006C1727C6780015866C /* Bump Version */;
			targetProxy = 5BAFE0E9172C67B500B01426 /* PBXContainerItemProxy */;
		};
/* End PBXTargetDependency section */

/* Begin PBXVariantGroup section */
		DD4F7C1D13C30F9F00825C6E /* MainMenu.xib */ = {
			isa = PBXVariantGroup;
			children = (
				DD4F7C1E13C30F9F00825C6E /* en */,
			);
			name = MainMenu.xib;
			path = Popup;
			sourceTree = "<group>";
		};
/* End PBXVariantGroup section */

/* Begin XCBuildConfiguration section */
		5B7C616D1724FF0100E6FAD8 /* Debug */ = {
			isa = XCBuildConfiguration;
			buildSettings = {
				PRODUCT_NAME = "$(TARGET_NAME)";
			};
			name = Debug;
		};
		5B7C616E1724FF0100E6FAD8 /* Release */ = {
			isa = XCBuildConfiguration;
			buildSettings = {
				PRODUCT_NAME = "$(TARGET_NAME)";
			};
			name = Release;
		};
		5BD3006E1727C6780015866C /* Debug */ = {
			isa = XCBuildConfiguration;
			buildSettings = {
				PRODUCT_NAME = "$(TARGET_NAME)";
			};
			name = Debug;
		};
		5BD3006F1727C6780015866C /* Release */ = {
			isa = XCBuildConfiguration;
			buildSettings = {
				PRODUCT_NAME = "$(TARGET_NAME)";
			};
			name = Release;
		};
		DD4F7C2013C30F9F00825C6E /* Debug */ = {
			isa = XCBuildConfiguration;
			buildSettings = {
				ALWAYS_SEARCH_USER_PATHS = NO;
				ARCHS = "$(ARCHS_STANDARD_64_BIT)";
				CLANG_WARN_CONSTANT_CONVERSION = YES;
				CLANG_WARN_ENUM_CONVERSION = YES;
				CLANG_WARN_INT_CONVERSION = YES;
				CLANG_WARN__DUPLICATE_METHOD_MATCH = YES;
				COPY_PHASE_STRIP = NO;
				GCC_C_LANGUAGE_STANDARD = gnu99;
				GCC_DYNAMIC_NO_PIC = NO;
				GCC_ENABLE_OBJC_EXCEPTIONS = YES;
				GCC_OPTIMIZATION_LEVEL = 0;
				GCC_PREPROCESSOR_DEFINITIONS = (
					"DEBUG=1",
					"$(inherited)",
				);
				GCC_SYMBOLS_PRIVATE_EXTERN = NO;
				GCC_VERSION = com.apple.compilers.llvm.clang.1_0;
				GCC_WARN_64_TO_32_BIT_CONVERSION = YES;
				GCC_WARN_ABOUT_MISSING_PROTOTYPES = YES;
				GCC_WARN_ABOUT_RETURN_TYPE = YES;
				GCC_WARN_UNINITIALIZED_AUTOS = YES;
				GCC_WARN_UNUSED_VARIABLE = YES;
				MACOSX_DEPLOYMENT_TARGET = 10.6;
				ONLY_ACTIVE_ARCH = YES;
				SDKROOT = macosx;
			};
			name = Debug;
		};
		DD4F7C2113C30F9F00825C6E /* Release */ = {
			isa = XCBuildConfiguration;
			buildSettings = {
				ALWAYS_SEARCH_USER_PATHS = NO;
				ARCHS = "$(ARCHS_STANDARD_64_BIT)";
				CLANG_WARN_CONSTANT_CONVERSION = YES;
				CLANG_WARN_ENUM_CONVERSION = YES;
				CLANG_WARN_INT_CONVERSION = YES;
				CLANG_WARN__DUPLICATE_METHOD_MATCH = YES;
				COPY_PHASE_STRIP = YES;
				DEBUG_INFORMATION_FORMAT = "dwarf-with-dsym";
				GCC_C_LANGUAGE_STANDARD = gnu99;
				GCC_ENABLE_OBJC_EXCEPTIONS = YES;
				GCC_VERSION = com.apple.compilers.llvm.clang.1_0;
				GCC_WARN_64_TO_32_BIT_CONVERSION = YES;
				GCC_WARN_ABOUT_MISSING_PROTOTYPES = YES;
				GCC_WARN_ABOUT_RETURN_TYPE = YES;
				GCC_WARN_UNINITIALIZED_AUTOS = YES;
				GCC_WARN_UNUSED_VARIABLE = YES;
				MACOSX_DEPLOYMENT_TARGET = 10.6;
				SDKROOT = macosx;
			};
			name = Release;
		};
		DD4F7C2313C30F9F00825C6E /* Debug */ = {
			isa = XCBuildConfiguration;
			buildSettings = {
				CLANG_ENABLE_OBJC_ARC = YES;
				COMBINE_HIDPI_IMAGES = YES;
				FRAMEWORK_SEARCH_PATHS = (
					"$(inherited)",
					"\"$(SRCROOT)/../../Library/Developer/Xcode/DerivedData/ShortcutRecorder-gejgdznrmlizthftgcqcpytrsxnf/Build/Products/Debug\"",
					"\"$(SRCROOT)\"",
				);
				GCC_PRECOMPILE_PREFIX_HEADER = YES;
				GCC_PREFIX_HEADER = "Popup/BirdDrop-Prefix.pch";
				INFOPLIST_FILE = "Popup/BirdDrop-Info.plist";
				PRODUCT_NAME = BirdDrop;
				WRAPPER_EXTENSION = app;
			};
			name = Debug;
		};
		DD4F7C2413C30F9F00825C6E /* Release */ = {
			isa = XCBuildConfiguration;
			buildSettings = {
				CLANG_ENABLE_OBJC_ARC = YES;
				COMBINE_HIDPI_IMAGES = YES;
				FRAMEWORK_SEARCH_PATHS = (
					"$(inherited)",
					"\"$(SRCROOT)/../../Library/Developer/Xcode/DerivedData/ShortcutRecorder-gejgdznrmlizthftgcqcpytrsxnf/Build/Products/Debug\"",
					"\"$(SRCROOT)\"",
				);
				GCC_PRECOMPILE_PREFIX_HEADER = YES;
				GCC_PREFIX_HEADER = "Popup/BirdDrop-Prefix.pch";
				INFOPLIST_FILE = "Popup/BirdDrop-Info.plist";
				PRODUCT_NAME = BirdDrop;
				WRAPPER_EXTENSION = app;
			};
			name = Release;
		};
/* End XCBuildConfiguration section */

/* Begin XCConfigurationList section */
		5B7C616C1724FF0100E6FAD8 /* Build configuration list for PBXAggregateTarget "Dist" */ = {
			isa = XCConfigurationList;
			buildConfigurations = (
				5B7C616D1724FF0100E6FAD8 /* Debug */,
				5B7C616E1724FF0100E6FAD8 /* Release */,
			);
			defaultConfigurationIsVisible = 0;
			defaultConfigurationName = Release;
		};
		5BD3006D1727C6780015866C /* Build configuration list for PBXAggregateTarget "Bump Version" */ = {
			isa = XCConfigurationList;
			buildConfigurations = (
				5BD3006E1727C6780015866C /* Debug */,
				5BD3006F1727C6780015866C /* Release */,
			);
			defaultConfigurationIsVisible = 0;
			defaultConfigurationName = Release;
		};
		DD4F7BFE13C30F9F00825C6E /* Build configuration list for PBXProject "BirdDrop" */ = {
			isa = XCConfigurationList;
			buildConfigurations = (
				DD4F7C2013C30F9F00825C6E /* Debug */,
				DD4F7C2113C30F9F00825C6E /* Release */,
			);
			defaultConfigurationIsVisible = 0;
			defaultConfigurationName = Release;
		};
		DD4F7C2213C30F9F00825C6E /* Build configuration list for PBXNativeTarget "BirdDrop" */ = {
			isa = XCConfigurationList;
			buildConfigurations = (
				DD4F7C2313C30F9F00825C6E /* Debug */,
				DD4F7C2413C30F9F00825C6E /* Release */,
			);
			defaultConfigurationIsVisible = 0;
			defaultConfigurationName = Release;
		};
/* End XCConfigurationList section */
	};
	rootObject = DD4F7BFB13C30F9F00825C6E /* Project object */;
}
